
Microsoft Visual Studio Solution File, Format Version 12.00
# Visual Studio Version 17
VisualStudioVersion = 17.12.35527.113 d17.12
MinimumVisualStudioVersion = 10.0.40219.1
Project("{FAE04EC0-301F-11D3-BF4B-00C04F79EFBC}") = "CodeConsole", "CodeConsole\CodeConsole.csproj", "{CF842F71-1144-4472-A516-7B6A252BD1B8}"
EndProject
Project("{FAE04EC0-301F-11D3-BF4B-00C04F79EFBC}") = "CodeGenerator", "CodeGenerator\CodeGenerator.csproj", "{34C5D58E-C4CF-417F-891F-2C9BF7F6B7B6}"
EndProject
Global
	GlobalSection(SolutionConfigurationPlatforms) = preSolution
		Debug|Any CPU = Debug|Any CPU
		Release|Any CPU = Release|Any CPU
	EndGlobalSection
	GlobalSection(ProjectConfigurationPlatforms) = postSolution
		{CF842F71-1144-4472-A516-7B6A252BD1B8}.Debug|Any CPU.ActiveCfg = Debug|Any CPU
		{CF842F71-1144-4472-A516-7B6A252BD1B8}.Debug|Any CPU.Build.0 = Debug|Any CPU
		{CF842F71-1144-4472-A516-7B6A252BD1B8}.Release|Any CPU.ActiveCfg = Release|Any CPU
		{CF842F71-1144-4472-A516-7B6A252BD1B8}.Release|Any CPU.Build.0 = Release|Any CPU
		{34C5D58E-C4CF-417F-891F-2C9BF7F6B7B6}.Debug|Any CPU.ActiveCfg = Debug|Any CPU
		{34C5D58E-C4CF-417F-891F-2C9BF7F6B7B6}.Debug|Any CPU.Build.0 = Debug|Any CPU
		{34C5D58E-C4CF-417F-891F-2C9BF7F6B7B6}.Release|Any CPU.ActiveCfg = Release|Any CPU
		{34C5D58E-C4CF-417F-891F-2C9BF7F6B7B6}.Release|Any CPU.Build.0 = Release|Any CPU
	EndGlobalSection
	GlobalSection(SolutionProperties) = preSolution
		HideSolutionNode = FALSE
	EndGlobalSection
EndGlobal
