
Microsoft Visual Studio Solution File, Format Version 12.00
# Visual Studio Version 17
VisualStudioVersion = 17.6.33723.286
MinimumVisualStudioVersion = 10.0.40219.1
Project("{9A19103F-16F7-4668-BE54-9A1E7A4F7556}") = "CSharpGrammerEleven", "CSharpGrammerEleven.csproj", "{D7218828-C18D-4F7C-B81C-553E5F4D5351}"
EndProject
Project("{9A19103F-16F7-4668-BE54-9A1E7A4F7556}") = "CSharpGrammerTen", "..\CSharpGrammerEight\CSharpGrammerTen.csproj", "{8E41AFA9-3CA3-48B0-94FC-305007C2063C}"
EndProject
Project("{FAE04EC0-301F-11D3-BF4B-00C04F79EFBC}") = "CSharpGrammerTwelve", "..\CSharpGrammerTwelve\CSharpGrammerTwelve.csproj", "{4F807D36-8FFB-420B-AAAD-A0C0095C4CCA}"
EndProject
Global
	GlobalSection(SolutionConfigurationPlatforms) = preSolution
		Debug|Any CPU = Debug|Any CPU
		Release|Any CPU = Release|Any CPU
	EndGlobalSection
	GlobalSection(ProjectConfigurationPlatforms) = postSolution
		{D7218828-C18D-4F7C-B81C-553E5F4D5351}.Debug|Any CPU.ActiveCfg = Debug|Any CPU
		{D7218828-C18D-4F7C-B81C-553E5F4D5351}.Debug|Any CPU.Build.0 = Debug|Any CPU
		{D7218828-C18D-4F7C-B81C-553E5F4D5351}.Release|Any CPU.ActiveCfg = Release|Any CPU
		{D7218828-C18D-4F7C-B81C-553E5F4D5351}.Release|Any CPU.Build.0 = Release|Any CPU
		{8E41AFA9-3CA3-48B0-94FC-305007C2063C}.Debug|Any CPU.ActiveCfg = Debug|Any CPU
		{8E41AFA9-3CA3-48B0-94FC-305007C2063C}.Debug|Any CPU.Build.0 = Debug|Any CPU
		{8E41AFA9-3CA3-48B0-94FC-305007C2063C}.Release|Any CPU.ActiveCfg = Release|Any CPU
		{8E41AFA9-3CA3-48B0-94FC-305007C2063C}.Release|Any CPU.Build.0 = Release|Any CPU
		{4F807D36-8FFB-420B-AAAD-A0C0095C4CCA}.Debug|Any CPU.ActiveCfg = Debug|Any CPU
		{4F807D36-8FFB-420B-AAAD-A0C0095C4CCA}.Debug|Any CPU.Build.0 = Debug|Any CPU
		{4F807D36-8FFB-420B-AAAD-A0C0095C4CCA}.Release|Any CPU.ActiveCfg = Release|Any CPU
		{4F807D36-8FFB-420B-AAAD-A0C0095C4CCA}.Release|Any CPU.Build.0 = Release|Any CPU
	EndGlobalSection
	GlobalSection(SolutionProperties) = preSolution
		HideSolutionNode = FALSE
	EndGlobalSection
	GlobalSection(ExtensibilityGlobals) = postSolution
		SolutionGuid = {A3372493-9822-4DA2-964B-38FD1B8EAFA3}
	EndGlobalSection
EndGlobal
